
Microsoft Visual Studio Solution File, Format Version 12.00
# Visual Studio Version 16
VisualStudioVersion = 16.0.29102.190
MinimumVisualStudioVersion = 10.0.40219.1
Project("{FAE04EC0-301F-11D3-BF4B-00C04F79EFBC}") = "EmployeeManagement", "EmployeeManagement\EmployeeManagement.csproj", "{CC4B7F7C-33D6-4CF9-BB05-CD7D074E4EF0}"
EndProject
Global
	GlobalSection(SolutionConfigurationPlatforms) = preSolution
		Debug|Any CPU = Debug|Any CPU
		Release|Any CPU = Release|Any CPU
	EndGlobalSection
	GlobalSection(ProjectConfigurationPlatforms) = postSolution
		{CC4B7F7C-33D6-4CF9-BB05-CD7D074E4EF0}.Debug|Any CPU.ActiveCfg = Debug|Any CPU
		{CC4B7F7C-33D6-4CF9-BB05-CD7D074E4EF0}.Debug|Any CPU.Build.0 = Debug|Any CPU
		{CC4B7F7C-33D6-4CF9-BB05-CD7D074E4EF0}.Release|Any CPU.ActiveCfg = Release|Any CPU
		{CC4B7F7C-33D6-4CF9-BB05-CD7D074E4EF0}.Release|Any CPU.Build.0 = Release|Any CPU
	EndGlobalSection
	GlobalSection(SolutionProperties) = preSolution
		HideSolutionNode = FALSE
	EndGlobalSection
	GlobalSection(ExtensibilityGlobals) = postSolution
		SolutionGuid = {6163E363-67BE-431E-9B31-F8103BD33669}
	EndGlobalSection
EndGlobal
